# THIS IS AN AUTOGENERATED FILE. DO NOT EDIT THIS FILE DIRECTLY.
# yarn lockfile v1


"@types/retry@^0.12.0":
  version "0.12.0"
  resolved "https://registry.yarnpkg.com/@types/retry/-/retry-0.12.0.tgz#2b35eccfcee7d38cd72ad99232fbd58bffb3c84d"
  integrity sha512-wWKOClTTiizcZhXnPY4wikVAwmdYHp8q6DmC+EJUzAMsycb7HB32Kh9RN4+0gExjmPmZSAQjgURXIGATPegAvA==

alawmulaw@^5.0.2:
  version "5.0.2"
  resolved "https://registry.yarnpkg.com/alawmulaw/-/alawmulaw-5.0.2.tgz#885a914933e3f3bc0bdd67534af669a20f17d4aa"
  integrity sha512-W3bWBB7MwTNGALlAKbOxe+tMNW9DpqGsv1V1idGPzctnBH++eS+Dx3UuucHNe5nk38WvAuy0sgMAbS5idHCArw==

atem-connection@^1.3.3:
  version "1.3.3"
  resolved "https://registry.yarnpkg.com/atem-connection/-/atem-connection-1.3.3.tgz#77dcc28e41fad9b590fd5df77ad2c19f7d801152"
  integrity sha512-h28oTaj72phJmK8S9K7iY9U4Jf3uIHT5l0nf/McRly16PGceSlhlp1qoK23iDWWAMEnNs9A/EptpWyMvjqjSZg==
  dependencies:
    exit-hook "^2.0.0"
    nanotimer "^0.3.15"
    p-retry "^4.1.0"
    tslib "^1.9.0"
    wavefile "^8.4.4"

base64-arraybuffer-es6@^0.3.1:
  version "0.3.1"
  resolved "https://registry.yarnpkg.com/base64-arraybuffer-es6/-/base64-arraybuffer-es6-0.3.1.tgz#fdf0e382f4e2f56caf881f48ee0ce01ae79afe48"
  integrity sha512-TrhBheudYaff9adiTAqjSScjvtmClQ4vF9l4cqkPNkVsA11m4/NRdH4LkZ/tAMmpzzwfI20BXnJ/PTtafECCNA==

bitdepth@^7.0.2:
  version "7.0.2"
  resolved "https://registry.yarnpkg.com/bitdepth/-/bitdepth-7.0.2.tgz#d9290de0e4b44ce5fc0c29f813c8f49fbdfa2eeb"
  integrity sha512-Ed11TL4IIWyUEoQTfkbRBDCgDNurxYzFgmk30ZU6SgNCsysoEx7UMm+g7SDFHxA2lhLbWyjV8T1ab3z0BtYOAw==

byte-data@^16.0.3:
  version "16.0.3"
  resolved "https://registry.yarnpkg.com/byte-data/-/byte-data-16.0.3.tgz#8abb3e212c9b026790a28c2d6c22fdc0515fd49d"
  integrity sha512-IzV3mzv8OnnzPdb9CoESQr2ikPX/gkHUesRu+vff9XB7KwMxyflPDewtPFWXPvF+Xukl52ceor2IRLbnQZf3PQ==
  dependencies:
    endianness "^8.0.2"
    ieee754-buffer "^0.2.1"
    twos-complement-buffer "0.0.1"
    uint-buffer "^0.1.0"
    utf8-buffer "^0.2.0"

endianness@^8.0.2:
  version "8.0.2"
  resolved "https://registry.yarnpkg.com/endianness/-/endianness-8.0.2.tgz#e35d16bbe80b6ff94fbc199168dd234d9f78168e"
  integrity sha512-IU+77+jJ7lpw2qZ3NUuqBZFy3GuioNgXUdsL1L9tooDNTaw0TgOnwNuc+8Ns+haDaTifK97QLzmOANJtI/rGvw==

exit-hook@^2.0.0:
  version "2.2.0"
  resolved "https://registry.yarnpkg.com/exit-hook/-/exit-hook-2.2.0.tgz#f5502f92179018e867f2d8ee4428392da7f3894e"
  integrity sha512-YFH+2oGdldRH5GqGpnaiKbBxWHMmuXHmKTMtUC58kWSOrnTf95rKITVSFTTtas14DWvWpih429+ffAvFetPwNA==

ieee754-buffer@^0.2.1:
  version "0.2.1"
  resolved "https://registry.yarnpkg.com/ieee754-buffer/-/ieee754-buffer-0.2.1.tgz#7e0d7d381d228de949f06b71f1cfd971691271f6"
  integrity sha512-dDlJhYk8BAmH1HDncTjCt6xOm2+kT+MxGhRKB+mUoF8nocDzPAgZPEWTRI9QgkGvbDkbJgCqyxweGlIV0yhbUQ==

imaadpcm@^4.1.2:
  version "4.1.2"
  resolved "https://registry.yarnpkg.com/imaadpcm/-/imaadpcm-4.1.2.tgz#8757742610004bc2aba1181919f899abd6a9b413"
  integrity sha512-7gwxe6lKCGitmkMtGbm1ecnt0Q59KcWwo7AVi2RAd3lQ9VghVN5zX5x3oK6xNhfD9KUMbaYzku43UBn3Ix3RIA==

nanotimer@^0.3.15:
  version "0.3.15"
  resolved "https://registry.yarnpkg.com/nanotimer/-/nanotimer-0.3.15.tgz#280d277db9146eca6f8a570b572abaf2a9acc754"
  integrity sha1-KA0nfbkUbspvilcLVyq68qmsx1Q=

p-retry@^4.1.0:
  version "4.2.0"
  resolved "https://registry.yarnpkg.com/p-retry/-/p-retry-4.2.0.tgz#ea9066c6b44f23cab4cd42f6147cdbbc6604da5d"
  integrity sha512-jPH38/MRh263KKcq0wBNOGFJbm+U6784RilTmHjB/HM9kH9V8WlCpVUcdOmip9cjXOh6MxZ5yk1z2SjDUJfWmA==
  dependencies:
    "@types/retry" "^0.12.0"
    retry "^0.12.0"

retry@^0.12.0:
  version "0.12.0"
  resolved "https://registry.yarnpkg.com/retry/-/retry-0.12.0.tgz#1b42a6266a21f07421d1b0b54b7dc167b01c013b"
  integrity sha1-G0KmJmoh8HQh0bC1S33BZ7AcATs=

tslib@^1.9.0:
  version "1.13.0"
  resolved "https://registry.yarnpkg.com/tslib/-/tslib-1.13.0.tgz#c881e13cc7015894ed914862d276436fa9a47043"
  integrity sha512-i/6DQjL8Xf3be4K/E6Wgpekn5Qasl1usyw++dAA35Ue5orEn65VIxOA+YvNNl9HV3qv70T7CNwjODHZrLwvd1Q==

twos-complement-buffer@0.0.1:
  version "0.0.1"
  resolved "https://registry.yarnpkg.com/twos-complement-buffer/-/twos-complement-buffer-0.0.1.tgz#e461a248d5c14a6d90afd031b2677f31da127d29"
  integrity sha512-Ev3p2GfB2GO8pcyb7jIvctS9RAjSZrF/K+u5s3KN00ajY11Dda2oMqI72nXaHVU7doGYNXc0mJG6exWAbmzZiA==
  dependencies:
    uint-buffer "^0.1.0"

uint-buffer@^0.1.0:
  version "0.1.0"
  resolved "https://registry.yarnpkg.com/uint-buffer/-/uint-buffer-0.1.0.tgz#35f2f59fa253d338affcdb6f377750642bd1cf59"
  integrity sha512-7xjpjCTijFIXAMxN7OMRfykpCMVfbCrlAmAt2RIlihvkHgvkNV5DBFzyc8OpIQeVpRXJkgXBwmKos4hD8DrX1g==

utf8-buffer@^0.2.0:
  version "0.2.0"
  resolved "https://registry.yarnpkg.com/utf8-buffer/-/utf8-buffer-0.2.0.tgz#a4530a606d9d2b0348456a393eaf836b62fed2f3"
  integrity sha512-DygDeOmOPQRjxnnv8LdfjoSQgG9EgJFH1m/1QcrKkDOxzoOcLLqZ2ONzRYHmiRqJYQYnAvV+zv2Wgk5tXjr4aA==

wavefile@^8.4.4:
  version "8.4.6"
  resolved "https://registry.yarnpkg.com/wavefile/-/wavefile-8.4.6.tgz#8c99809df1a344edb12839da69e588bf53c7e483"
  integrity sha512-mKvPtkXTFE3U8Uo8qJr/hCJP3booCI09vsoWY3OHrdKB+8ZefO/5/wSRZSbPSgFDB+WWn3Am3c01h/sguTYuyA==
  dependencies:
    alawmulaw "^5.0.2"
    base64-arraybuffer-es6 "^0.3.1"
    bitdepth "^7.0.2"
    byte-data "^16.0.3"
    imaadpcm "^4.1.2"

ws@^7.3.1:
  version "7.3.1"
  resolved "https://registry.yarnpkg.com/ws/-/ws-7.3.1.tgz#d0547bf67f7ce4f12a72dfe31262c68d7dc551c8"
  integrity sha512-D3RuNkynyHmEJIpD2qrgVkc9DQ23OrN/moAwZX4L8DfvszsJxpjQuUq3LMx6HoYji9fbIOBY18XWBsAux1ZZUA==
